
Microsoft Visual Studio Solution File, Format Version 12.00
# Visual Studio 15
VisualStudioVersion = 15.0.26124.0
MinimumVisualStudioVersion = 15.0.26124.0
Project("{2150E333-8FDC-42A3-9474-1A3956D46DE8}") = "src", "src", "{FE8DA30B-D598-43CB-9A70-450CDBB9141D}"
EndProject
Project("{FAE04EC0-301F-11D3-BF4B-00C04F79EFBC}") = "Warden.Integrations.Twilio", "src\Warden.Integrations.Twilio\Warden.Integrations.Twilio.csproj", "{FC9297E6-33AE-4909-A8BE-BB921B89A9CD}"
EndProject
Project("{2150E333-8FDC-42A3-9474-1A3956D46DE8}") = "tests", "tests", "{FFD65478-A4EF-4361-9FCE-78072418A11F}"
EndProject
Project("{FAE04EC0-301F-11D3-BF4B-00C04F79EFBC}") = "Warden.Integrations.Twilio.Tests", "tests\Warden.Integrations.Twilio.Tests\Warden.Integrations.Twilio.Tests.csproj", "{48ADF843-2CA2-486D-81C4-C14AC7C5EE98}"
EndProject
Global
	GlobalSection(SolutionConfigurationPlatforms) = preSolution
		Debug|Any CPU = Debug|Any CPU
		Debug|x64 = Debug|x64
		Debug|x86 = Debug|x86
		Release|Any CPU = Release|Any CPU
		Release|x64 = Release|x64
		Release|x86 = Release|x86
	EndGlobalSection
	GlobalSection(SolutionProperties) = preSolution
		HideSolutionNode = FALSE
	EndGlobalSection
	GlobalSection(ProjectConfigurationPlatforms) = postSolution
		{FC9297E6-33AE-4909-A8BE-BB921B89A9CD}.Debug|Any CPU.ActiveCfg = Debug|Any CPU
		{FC9297E6-33AE-4909-A8BE-BB921B89A9CD}.Debug|Any CPU.Build.0 = Debug|Any CPU
		{FC9297E6-33AE-4909-A8BE-BB921B89A9CD}.Debug|x64.ActiveCfg = Debug|x64
		{FC9297E6-33AE-4909-A8BE-BB921B89A9CD}.Debug|x64.Build.0 = Debug|x64
		{FC9297E6-33AE-4909-A8BE-BB921B89A9CD}.Debug|x86.ActiveCfg = Debug|x86
		{FC9297E6-33AE-4909-A8BE-BB921B89A9CD}.Debug|x86.Build.0 = Debug|x86
		{FC9297E6-33AE-4909-A8BE-BB921B89A9CD}.Release|Any CPU.ActiveCfg = Release|Any CPU
		{FC9297E6-33AE-4909-A8BE-BB921B89A9CD}.Release|Any CPU.Build.0 = Release|Any CPU
		{FC9297E6-33AE-4909-A8BE-BB921B89A9CD}.Release|x64.ActiveCfg = Release|x64
		{FC9297E6-33AE-4909-A8BE-BB921B89A9CD}.Release|x64.Build.0 = Release|x64
		{FC9297E6-33AE-4909-A8BE-BB921B89A9CD}.Release|x86.ActiveCfg = Release|x86
		{FC9297E6-33AE-4909-A8BE-BB921B89A9CD}.Release|x86.Build.0 = Release|x86
		{48ADF843-2CA2-486D-81C4-C14AC7C5EE98}.Debug|Any CPU.ActiveCfg = Debug|Any CPU
		{48ADF843-2CA2-486D-81C4-C14AC7C5EE98}.Debug|Any CPU.Build.0 = Debug|Any CPU
		{48ADF843-2CA2-486D-81C4-C14AC7C5EE98}.Debug|x64.ActiveCfg = Debug|x64
		{48ADF843-2CA2-486D-81C4-C14AC7C5EE98}.Debug|x64.Build.0 = Debug|x64
		{48ADF843-2CA2-486D-81C4-C14AC7C5EE98}.Debug|x86.ActiveCfg = Debug|x86
		{48ADF843-2CA2-486D-81C4-C14AC7C5EE98}.Debug|x86.Build.0 = Debug|x86
		{48ADF843-2CA2-486D-81C4-C14AC7C5EE98}.Release|Any CPU.ActiveCfg = Release|Any CPU
		{48ADF843-2CA2-486D-81C4-C14AC7C5EE98}.Release|Any CPU.Build.0 = Release|Any CPU
		{48ADF843-2CA2-486D-81C4-C14AC7C5EE98}.Release|x64.ActiveCfg = Release|x64
		{48ADF843-2CA2-486D-81C4-C14AC7C5EE98}.Release|x64.Build.0 = Release|x64
		{48ADF843-2CA2-486D-81C4-C14AC7C5EE98}.Release|x86.ActiveCfg = Release|x86
		{48ADF843-2CA2-486D-81C4-C14AC7C5EE98}.Release|x86.Build.0 = Release|x86
	EndGlobalSection
	GlobalSection(NestedProjects) = preSolution
		{FC9297E6-33AE-4909-A8BE-BB921B89A9CD} = {FE8DA30B-D598-43CB-9A70-450CDBB9141D}
		{48ADF843-2CA2-486D-81C4-C14AC7C5EE98} = {FFD65478-A4EF-4361-9FCE-78072418A11F}
	EndGlobalSection
EndGlobal
